<?xml version="1.0" encoding="utf-8"?>
<Project ToolsVersion="4.0" xmlns:atg="http://atg.xbox.com" xmlns="http://schemas.microsoft.com/developer/msbuild/2003">
  <ItemGroup>
    <Filter Include="_Libs">
      <UniqueIdentifier>{f458ef6b-3879-45a1-b690-bb3675eea367}</UniqueIdentifier>
    </Filter>
    <Filter Include="_Libs\Math">
      <UniqueIdentifier>{2fc45b5c-b974-4692-944d-b2a65a99b337}</UniqueIdentifier>
    </Filter>
    <Filter Include="_Libs\Math\include">
      <UniqueIdentifier>{58c0b827-c48c-445e-a2de-6e80d15288b0}</UniqueIdentifier>
    </Filter>
    <Filter Include="_Libs\Math\lib">
      <UniqueIdentifier>{4c379938-5e53-4a18-9e64-c4c326f64ccf}</UniqueIdentifier>
    </Filter>
    <Filter Include="_Libs\DXTex">
      <UniqueIdentifier>{063abded-1e9f-4773-8d38-ba7586801519}</UniqueIdentifier>
    </Filter>
    <Filter Include="_Libs\DXTex\include">
      <UniqueIdentifier>{53b8b990-b8c5-4532-ab03-e7130aa67d93}</UniqueIdentifier>
    </Filter>
    <Filter Include="_Libs\DXTex\lib">
      <UniqueIdentifier>{7cb16f48-c669-45bb-9628-6acd1c0caf48}</UniqueIdentifier>
    </Filter>
    <Filter Include="_Libs\File">
      <UniqueIdentifier>{2456a3dc-556e-4c00-a0fb-ab1ff1e50f71}</UniqueIdentifier>
    </Filter>
    <Filter Include="_Libs\File\include">
      <UniqueIdentifier>{1c2fab60-77e2-45d3-be75-f90deb7fb424}</UniqueIdentifier>
    </Filter>
    <Filter Include="_Libs\File\lib">
      <UniqueIdentifier>{b651abad-1452-4d78-91fb-153a763f0d30}</UniqueIdentifier>
    </Filter>
    <Filter Include="Application">
      <UniqueIdentifier>{111e643f-277f-4fb0-8802-209420fa29ec}</UniqueIdentifier>
    </Filter>
    <Filter Include="Application\Dockyard Engine">
      <UniqueIdentifier>{c4588e8e-fb45-4f49-87bc-61fc53511dd0}</UniqueIdentifier>
    </Filter>
    <Filter Include="Resource Files">
      <UniqueIdentifier>{8e114980-c1a3-4ada-ad7c-83caadf5daeb}</UniqueIdentifier>
      <Extensions>rc;ico;cur;bmp;dlg;rc2;rct;bin;rgs;gif;jpg;jpeg;jpe</Extensions>
    </Filter>
    <Filter Include="Application\Dockyard Engine\Asset Management">
      <UniqueIdentifier>{e51311d5-3821-4199-9c1d-ab33af8493b9}</UniqueIdentifier>
    </Filter>
    <Filter Include="Application\Dockyard Engine\Asset Management\Attorneys">
      <UniqueIdentifier>{a8ca2b86-0905-4a83-b525-2f267015bb0d}</UniqueIdentifier>
    </Filter>
    <Filter Include="Application\Dockyard Engine\Camera Manager">
      <UniqueIdentifier>{4052d58c-3c69-41e4-b3c8-308de3525808}</UniqueIdentifier>
    </Filter>
    <Filter Include="Application\Dockyard Engine\Collisions">
      <UniqueIdentifier>{65903a70-5365-4271-9e01-01de40045bb4}</UniqueIdentifier>
    </Filter>
    <Filter Include="Application\Dockyard Engine\Collisions\Collision Test Commands">
      <UniqueIdentifier>{8e782f86-52a8-4106-9b07-f29b3721b8a4}</UniqueIdentifier>
    </Filter>
    <Filter Include="Application\Dockyard Engine\Collisions\Collision Volumes">
      <UniqueIdentifier>{ea2c173f-6e1a-426f-8b64-67df03038a3a}</UniqueIdentifier>
    </Filter>
    <Filter Include="Application\Dockyard Engine\Debug Tools">
      <UniqueIdentifier>{ed4b36b8-a843-401a-b1de-2a281547c7e3}</UniqueIdentifier>
    </Filter>
    <Filter Include="Application\Dockyard Engine\Debug Tools\Collision Visualizer">
      <UniqueIdentifier>{a9e64316-1406-4912-8657-d770e8db67b1}</UniqueIdentifier>
    </Filter>
    <Filter Include="Application\Dockyard Engine\Debug Tools\Collision Visualizer\Commands">
      <UniqueIdentifier>{d3320804-b1c6-4508-a1c8-db7683c404ed}</UniqueIdentifier>
    </Filter>
    <Filter Include="Application\Dockyard Engine\Debug Tools\Collision Visualizer\Commands\Command Pool">
      <UniqueIdentifier>{61b36472-ed7a-4efc-be92-b52e83c9b9b6}</UniqueIdentifier>
    </Filter>
    <Filter Include="Application\Dockyard Engine\Debug Tools\Screen Text Log">
      <UniqueIdentifier>{033f6c4c-a039-41f6-bbf1-34b05a38d526}</UniqueIdentifier>
    </Filter>
    <Filter Include="Application\Dockyard Engine\Debug Tools\Screen Text Log\Message Pool">
      <UniqueIdentifier>{7627020d-87a6-40b1-b589-c6477302c32f}</UniqueIdentifier>
    </Filter>
    <Filter Include="Application\Dockyard Engine\GameObject">
      <UniqueIdentifier>{44740e29-9649-4a73-8c25-dda4ebf10a73}</UniqueIdentifier>
    </Filter>
    <Filter Include="Application\Dockyard Engine\GameObject\&lt;X&gt;ables">
      <UniqueIdentifier>{3ddfaa98-47dc-4560-8cd1-70ed9f3207d7}</UniqueIdentifier>
    </Filter>
    <Filter Include="Application\Dockyard Engine\GameObject\Commands">
      <UniqueIdentifier>{8c069552-607d-429a-843b-bb3bf4718471}</UniqueIdentifier>
    </Filter>
    <Filter Include="Application\Dockyard Engine\Scene Management">
      <UniqueIdentifier>{fcff0190-b94d-4a2f-856c-f51158e90dd3}</UniqueIdentifier>
    </Filter>
    <Filter Include="Application\Dockyard Engine\Scene Management\&lt;X&gt;able Attorneys">
      <UniqueIdentifier>{4375548e-8a93-4d07-b8b0-2ac238ae8af6}</UniqueIdentifier>
    </Filter>
    <Filter Include="Application\Dockyard Engine\Scene Management\&lt;X&gt;able Managers">
      <UniqueIdentifier>{ad73014e-fc6b-42e9-9028-1fc877c64f9f}</UniqueIdentifier>
    </Filter>
    <Filter Include="Application\Dockyard Engine\Scene Management\Changing Scenes">
      <UniqueIdentifier>{35262084-447c-4311-a1f2-8a99b86e153a}</UniqueIdentifier>
    </Filter>
    <Filter Include="Application\Dockyard Engine\Scene Management\Scene &lt;X&gt;able Registration">
      <UniqueIdentifier>{6aa36ca4-2875-4baf-bb39-0cbb1d13d854}</UniqueIdentifier>
    </Filter>
    <Filter Include="Application\Dockyard Engine\Scene Management\Scene &lt;X&gt;able Registration\Scene Registration Broker">
      <UniqueIdentifier>{b9d3e56d-4513-4b1d-8d76-85aef860f94e}</UniqueIdentifier>
    </Filter>
    <Filter Include="Application\Dockyard Engine\Sprites">
      <UniqueIdentifier>{91056417-4f20-4ccf-a62c-6c25977982ab}</UniqueIdentifier>
    </Filter>
    <Filter Include="Application\Dockyard Engine\Sprites\SpriteFont">
      <UniqueIdentifier>{f63bebae-f9d0-452b-99ee-c9e3e41ffdaa}</UniqueIdentifier>
    </Filter>
    <Filter Include="Application\Dockyard Engine\Sprites\SpriteString">
      <UniqueIdentifier>{eea27b6a-5804-474c-adc3-7853533e64f4}</UniqueIdentifier>
    </Filter>
    <Filter Include="Application\Dockyard Engine\Time">
      <UniqueIdentifier>{9f06c713-9c4c-4743-a70e-1153b4fe1248}</UniqueIdentifier>
    </Filter>
    <Filter Include="Application\Dockyard Resources">
      <UniqueIdentifier>{1bed9508-ff98-46be-91b4-9a036179bbf7}</UniqueIdentifier>
    </Filter>
    <Filter Include="Application\User Code">
      <UniqueIdentifier>{4d3a8747-318a-4058-9ac6-53fe635297de}</UniqueIdentifier>
    </Filter>
    <Filter Include="Application\User Code\Objects / Classes">
      <UniqueIdentifier>{7454e562-f527-4048-bc4b-a573f0745575}</UniqueIdentifier>
    </Filter>
    <Filter Include="Application\User Code\Scenes">
      <UniqueIdentifier>{1aea45c7-e38e-49ad-b245-016c509a9137}</UniqueIdentifier>
    </Filter>
    <Filter Include="Application\Graphics Backbone">
      <UniqueIdentifier>{c23fd97d-ae5d-43ec-b094-7567b4a1a2df}</UniqueIdentifier>
    </Filter>
    <Filter Include="Application\Graphics Backbone\Shader Files">
      <UniqueIdentifier>{7b94717d-e347-4c1b-b644-f822ad171613}</UniqueIdentifier>
    </Filter>
    <Filter Include="Application\Graphics Backbone\GPU Control">
      <UniqueIdentifier>{c516964c-5b78-4a83-80bc-9ca8aa620776}</UniqueIdentifier>
    </Filter>
    <Filter Include="Application\Graphics Backbone\GraphicsObjects">
      <UniqueIdentifier>{3e007d3c-6728-4101-be0d-63fbf7dff674}</UniqueIdentifier>
    </Filter>
    <Filter Include="Application\Graphics Backbone\Models">
      <UniqueIdentifier>{a6098ae4-7e6f-4d5e-bc24-86bafaef41af}</UniqueIdentifier>
    </Filter>
    <Filter Include="Application\Graphics Backbone\Shaders">
      <UniqueIdentifier>{c054cc0f-eb01-4a15-a9ed-fe88e5f7fa72}</UniqueIdentifier>
    </Filter>
    <Filter Include="Application\Graphics Backbone\Tools">
      <UniqueIdentifier>{d4603d50-f0ef-4849-af65-6f199e228779}</UniqueIdentifier>
    </Filter>
    <Filter Include="Application\Graphics Backbone\Windowing Control">
      <UniqueIdentifier>{eb7e2f7c-2801-4162-aeee-7482753bc019}</UniqueIdentifier>
    </Filter>
    <Filter Include="Application\Graphics Backbone\Graphics Assets">
      <UniqueIdentifier>{d8f93869-257b-4c8d-8ad2-a5ec4f2fce8a}</UniqueIdentifier>
    </Filter>
    <Filter Include="Application\User Code\Objects / Classes\Game Demo">
      <UniqueIdentifier>{516d9de3-b99f-4744-a03a-1bc8b2326b6e}</UniqueIdentifier>
    </Filter>
    <Filter Include="Application\User Code\Objects / Classes\Playground Scene">
      <UniqueIdentifier>{f6b3e498-5ae8-443f-9e09-9ef188e1741d}</UniqueIdentifier>
    </Filter>
    <Filter Include="Application\User Code\Scenes\Game Demo">
      <UniqueIdentifier>{f1927d80-6202-48f7-925b-e7167585a5f1}</UniqueIdentifier>
    </Filter>
    <Filter Include="Application\User Code\Scenes\Playground Scene">
      <UniqueIdentifier>{7ae08dc3-b2f2-456f-a64a-7dab4978336f}</UniqueIdentifier>
    </Filter>
    <Filter Include="Application\User Code\Objects / Classes\Game Demo\NPCs">
      <UniqueIdentifier>{359078c6-3090-4daa-ada8-74b479b5b920}</UniqueIdentifier>
    </Filter>
    <Filter Include="Application\User Code\Scenes\Shader Experimentation">
      <UniqueIdentifier>{64443997-fb1b-4283-8c50-f6ea7a69fd0a}</UniqueIdentifier>
    </Filter>
    <Filter Include="Application\User Code\Objects / Classes\Shader Experimentation">
      <UniqueIdentifier>{380850ed-5f55-4931-a7ed-f664deab7649}</UniqueIdentifier>
    </Filter>
    <Filter Include="Application\Dockyard Engine\Terrain">
      <UniqueIdentifier>{81d88c3c-bb6b-427d-8d57-34a1b5e3f761}</UniqueIdentifier>
    </Filter>
  </ItemGroup>
  <ItemGroup>
    <ClCompile Include="Graphics Backbone\GPU Control\GPUController.cpp">
      <Filter>Application\Graphics Backbone\GPU Control</Filter>
    </ClCompile>
    <ClCompile Include="Graphics Backbone\GraphicsObjects\GraphicsObject_Base.cpp">
      <Filter>Application\Graphics Backbone\GraphicsObjects</Filter>
    </ClCompile>
    <ClCompile Include="Graphics Backbone\GraphicsObjects\GraphicsObject_ColorFlat.cpp">
      <Filter>Application\Graphics Backbone\GraphicsObjects</Filter>
    </ClCompile>
    <ClCompile Include="Graphics Backbone\GraphicsObjects\GraphicsObject_ColorLight.cpp">
      <Filter>Application\Graphics Backbone\GraphicsObjects</Filter>
    </ClCompile>
    <ClCompile Include="Graphics Backbone\GraphicsObjects\GraphicsObject_TextureFlat.cpp">
      <Filter>Application\Graphics Backbone\GraphicsObjects</Filter>
    </ClCompile>
    <ClCompile Include="Graphics Backbone\GraphicsObjects\GraphicsObject_TextureLight.cpp">
      <Filter>Application\Graphics Backbone\GraphicsObjects</Filter>
    </ClCompile>
    <ClCompile Include="Graphics Backbone\Models\FlatPlane.cpp">
      <Filter>Application\Graphics Backbone\Models</Filter>
    </ClCompile>
    <ClCompile Include="Graphics Backbone\Models\MeshSeparator.cpp">
      <Filter>Application\Graphics Backbone\Models</Filter>
    </ClCompile>
    <ClCompile Include="Graphics Backbone\Models\Model.cpp">
      <Filter>Application\Graphics Backbone\Models</Filter>
    </ClCompile>
    <ClCompile Include="Graphics Backbone\Models\ModelTools.cpp">
      <Filter>Application\Graphics Backbone\Models</Filter>
    </ClCompile>
    <ClCompile Include="Graphics Backbone\Models\Skybox.cpp">
      <Filter>Application\Graphics Backbone\Models</Filter>
    </ClCompile>
    <ClCompile Include="Graphics Backbone\Shaders\Shader.cpp">
      <Filter>Application\Graphics Backbone\Shaders</Filter>
    </ClCompile>
    <ClCompile Include="Graphics Backbone\Shaders\ShaderColor.cpp">
      <Filter>Application\Graphics Backbone\Shaders</Filter>
    </ClCompile>
    <ClCompile Include="Graphics Backbone\Shaders\ShaderColorLight.cpp">
      <Filter>Application\Graphics Backbone\Shaders</Filter>
    </ClCompile>
    <ClCompile Include="Graphics Backbone\Shaders\ShaderTexture.cpp">
      <Filter>Application\Graphics Backbone\Shaders</Filter>
    </ClCompile>
    <ClCompile Include="Graphics Backbone\Shaders\ShaderTextureLight.cpp">
      <Filter>Application\Graphics Backbone\Shaders</Filter>
    </ClCompile>
    <ClCompile Include="Graphics Backbone\Tools\Camera.cpp">
      <Filter>Application\Graphics Backbone\Tools</Filter>
    </ClCompile>
    <ClCompile Include="Graphics Backbone\Windowing Control\WindowController.cpp">
      <Filter>Application\Graphics Backbone\Windowing Control</Filter>
    </ClCompile>
    <ClCompile Include="Dockyard Engine\Dockyard.cpp">
      <Filter>Application\Dockyard Engine</Filter>
    </ClCompile>
    <ClCompile Include="Dockyard Engine\Asset Management\ImageManager.cpp">
      <Filter>Application\Dockyard Engine\Asset Management</Filter>
    </ClCompile>
    <ClCompile Include="Dockyard Engine\Asset Management\ModelManager.cpp">
      <Filter>Application\Dockyard Engine\Asset Management</Filter>
    </ClCompile>
    <ClCompile Include="Dockyard Engine\Asset Management\ShaderManager.cpp">
      <Filter>Application\Dockyard Engine\Asset Management</Filter>
    </ClCompile>
    <ClCompile Include="Dockyard Engine\Asset Management\SpriteFontManager.cpp">
      <Filter>Application\Dockyard Engine\Asset Management</Filter>
    </ClCompile>
    <ClCompile Include="Dockyard Engine\Asset Management\TextureManager.cpp">
      <Filter>Application\Dockyard Engine\Asset Management</Filter>
    </ClCompile>
    <ClCompile Include="Dockyard Engine\Camera Manager\CameraManager.cpp">
      <Filter>Application\Dockyard Engine\Camera Manager</Filter>
    </ClCompile>
    <ClCompile Include="Dockyard Engine\Collisions\CollidableGroup.cpp">
      <Filter>Application\Dockyard Engine\Collisions</Filter>
    </ClCompile>
    <ClCompile Include="Dockyard Engine\Collisions\CollisionManager.cpp">
      <Filter>Application\Dockyard Engine\Collisions</Filter>
    </ClCompile>
    <ClCompile Include="Dockyard Engine\Collisions\Collision Test Commands\CollisionTestPairCommand.cpp">
      <Filter>Application\Dockyard Engine\Collisions\Collision Test Commands</Filter>
    </ClCompile>
    <ClCompile Include="Dockyard Engine\Collisions\Collision Test Commands\CollisionTestSelfCommand.cpp">
      <Filter>Application\Dockyard Engine\Collisions\Collision Test Commands</Filter>
    </ClCompile>
    <ClCompile Include="Dockyard Engine\Collisions\Collision Volumes\CollisionVolumeAABB.cpp">
      <Filter>Application\Dockyard Engine\Collisions\Collision Volumes</Filter>
    </ClCompile>
    <ClCompile Include="Dockyard Engine\Collisions\Collision Volumes\CollisionVolumeBSphere.cpp">
      <Filter>Application\Dockyard Engine\Collisions\Collision Volumes</Filter>
    </ClCompile>
    <ClCompile Include="Dockyard Engine\Collisions\Collision Volumes\CollisionVolumeOBB.cpp">
      <Filter>Application\Dockyard Engine\Collisions\Collision Volumes</Filter>
    </ClCompile>
    <ClCompile Include="Dockyard Engine\Debug Tools\Collision Visualizer\CollisionVisualizer.cpp">
      <Filter>Application\Dockyard Engine\Debug Tools\Collision Visualizer</Filter>
    </ClCompile>
    <ClCompile Include="Dockyard Engine\Debug Tools\Collision Visualizer\Commands\VisualizeCommandAABB.cpp">
      <Filter>Application\Dockyard Engine\Debug Tools\Collision Visualizer\Commands</Filter>
    </ClCompile>
    <ClCompile Include="Dockyard Engine\Debug Tools\Collision Visualizer\Commands\VisualizeCommandBoxAtPoint.cpp">
      <Filter>Application\Dockyard Engine\Debug Tools\Collision Visualizer\Commands</Filter>
    </ClCompile>
    <ClCompile Include="Dockyard Engine\Debug Tools\Collision Visualizer\Commands\VisualizeCommandBSphere.cpp">
      <Filter>Application\Dockyard Engine\Debug Tools\Collision Visualizer\Commands</Filter>
    </ClCompile>
    <ClCompile Include="Dockyard Engine\Debug Tools\Collision Visualizer\Commands\VisualizeCommandOBB.cpp">
      <Filter>Application\Dockyard Engine\Debug Tools\Collision Visualizer\Commands</Filter>
    </ClCompile>
    <ClCompile Include="Dockyard Engine\Debug Tools\Collision Visualizer\Commands\Command Pool\VisualizeCommandPool.cpp">
      <Filter>Application\Dockyard Engine\Debug Tools\Collision Visualizer\Commands\Command Pool</Filter>
    </ClCompile>
    <ClCompile Include="Dockyard Engine\Debug Tools\Screen Text Log\ScreenLog.cpp">
      <Filter>Application\Dockyard Engine\Debug Tools\Screen Text Log</Filter>
    </ClCompile>
    <ClCompile Include="Dockyard Engine\Debug Tools\Screen Text Log\Message Pool\ScreenLogMessagePool.cpp">
      <Filter>Application\Dockyard Engine\Debug Tools\Screen Text Log\Message Pool</Filter>
    </ClCompile>
    <ClCompile Include="Dockyard Engine\GameObject\-X-ables\Alarmable.cpp">
      <Filter>Application\Dockyard Engine\GameObject\&lt;X&gt;ables</Filter>
    </ClCompile>
    <ClCompile Include="Dockyard Engine\GameObject\-X-ables\Collidable.cpp">
      <Filter>Application\Dockyard Engine\GameObject\&lt;X&gt;ables</Filter>
    </ClCompile>
    <ClCompile Include="Dockyard Engine\GameObject\-X-ables\Drawable.cpp">
      <Filter>Application\Dockyard Engine\GameObject\&lt;X&gt;ables</Filter>
    </ClCompile>
    <ClCompile Include="Dockyard Engine\GameObject\-X-ables\Inputable.cpp">
      <Filter>Application\Dockyard Engine\GameObject\&lt;X&gt;ables</Filter>
    </ClCompile>
    <ClCompile Include="Dockyard Engine\GameObject\-X-ables\Updatable.cpp">
      <Filter>Application\Dockyard Engine\GameObject\&lt;X&gt;ables</Filter>
    </ClCompile>
    <ClCompile Include="Dockyard Engine\GameObject\GameObject.cpp">
      <Filter>Application\Dockyard Engine\GameObject</Filter>
    </ClCompile>
    <ClCompile Include="Dockyard Engine\GameObject\Commands\GameObjectEntryCommand.cpp">
      <Filter>Application\Dockyard Engine\GameObject\Commands</Filter>
    </ClCompile>
    <ClCompile Include="Dockyard Engine\GameObject\Commands\GameObjectExitCommand.cpp">
      <Filter>Application\Dockyard Engine\GameObject\Commands</Filter>
    </ClCompile>
    <ClCompile Include="Dockyard Engine\Scene Management\Scene.cpp">
      <Filter>Application\Dockyard Engine\Scene Management</Filter>
    </ClCompile>
    <ClCompile Include="Dockyard Engine\Scene Management\SceneManager.cpp">
      <Filter>Application\Dockyard Engine\Scene Management</Filter>
    </ClCompile>
    <ClCompile Include="Dockyard Engine\Scene Management\-X-able Managers\AlarmableManager.cpp">
      <Filter>Application\Dockyard Engine\Scene Management\&lt;X&gt;able Managers</Filter>
    </ClCompile>
    <ClCompile Include="Dockyard Engine\Scene Management\-X-able Managers\DrawableManager.cpp">
      <Filter>Application\Dockyard Engine\Scene Management\&lt;X&gt;able Managers</Filter>
    </ClCompile>
    <ClCompile Include="Dockyard Engine\Scene Management\-X-able Managers\KeyboardEventManager.cpp">
      <Filter>Application\Dockyard Engine\Scene Management\&lt;X&gt;able Managers</Filter>
    </ClCompile>
    <ClCompile Include="Dockyard Engine\Scene Management\-X-able Managers\SingleKeyEventManager.cpp">
      <Filter>Application\Dockyard Engine\Scene Management\&lt;X&gt;able Managers</Filter>
    </ClCompile>
    <ClCompile Include="Dockyard Engine\Scene Management\-X-able Managers\UpdatableManager.cpp">
      <Filter>Application\Dockyard Engine\Scene Management\&lt;X&gt;able Managers</Filter>
    </ClCompile>
    <ClCompile Include="Dockyard Engine\Scene Management\Changing Scenes\SceneChangeCommand.cpp">
      <Filter>Application\Dockyard Engine\Scene Management\Changing Scenes</Filter>
    </ClCompile>
    <ClCompile Include="Dockyard Engine\Scene Management\Scene -X-able Registration\AlarmDeregistrationCommand.cpp">
      <Filter>Application\Dockyard Engine\Scene Management\Scene &lt;X&gt;able Registration</Filter>
    </ClCompile>
    <ClCompile Include="Dockyard Engine\Scene Management\Scene -X-able Registration\AlarmRegistrationCommand.cpp">
      <Filter>Application\Dockyard Engine\Scene Management\Scene &lt;X&gt;able Registration</Filter>
    </ClCompile>
    <ClCompile Include="Dockyard Engine\Scene Management\Scene -X-able Registration\CollisionDeregistrationCommand.cpp">
      <Filter>Application\Dockyard Engine\Scene Management\Scene &lt;X&gt;able Registration</Filter>
    </ClCompile>
    <ClCompile Include="Dockyard Engine\Scene Management\Scene -X-able Registration\CollisionRegistrationCommand.cpp">
      <Filter>Application\Dockyard Engine\Scene Management\Scene &lt;X&gt;able Registration</Filter>
    </ClCompile>
    <ClCompile Include="Dockyard Engine\Scene Management\Scene -X-able Registration\DrawDeregistrationCommand.cpp">
      <Filter>Application\Dockyard Engine\Scene Management\Scene &lt;X&gt;able Registration</Filter>
    </ClCompile>
    <ClCompile Include="Dockyard Engine\Scene Management\Scene -X-able Registration\DrawRegistrationCommand.cpp">
      <Filter>Application\Dockyard Engine\Scene Management\Scene &lt;X&gt;able Registration</Filter>
    </ClCompile>
    <ClCompile Include="Dockyard Engine\Scene Management\Scene -X-able Registration\InputDeregistrationCommand.cpp">
      <Filter>Application\Dockyard Engine\Scene Management\Scene &lt;X&gt;able Registration</Filter>
    </ClCompile>
    <ClCompile Include="Dockyard Engine\Scene Management\Scene -X-able Registration\InputRegistrationCommand.cpp">
      <Filter>Application\Dockyard Engine\Scene Management\Scene &lt;X&gt;able Registration</Filter>
    </ClCompile>
    <ClCompile Include="Dockyard Engine\Scene Management\Scene -X-able Registration\SceneRegistrationCommand.cpp">
      <Filter>Application\Dockyard Engine\Scene Management\Scene &lt;X&gt;able Registration</Filter>
    </ClCompile>
    <ClCompile Include="Dockyard Engine\Scene Management\Scene -X-able Registration\UpdateDeregistrationCommand.cpp">
      <Filter>Application\Dockyard Engine\Scene Management\Scene &lt;X&gt;able Registration</Filter>
    </ClCompile>
    <ClCompile Include="Dockyard Engine\Scene Management\Scene -X-able Registration\UpdateRegistrationCommand.cpp">
      <Filter>Application\Dockyard Engine\Scene Management\Scene &lt;X&gt;able Registration</Filter>
    </ClCompile>
    <ClCompile Include="Dockyard Engine\Scene Management\Scene -X-able Registration\Scene Registration Broker\SceneRegistrationBroker.cpp">
      <Filter>Application\Dockyard Engine\Scene Management\Scene &lt;X&gt;able Registration\Scene Registration Broker</Filter>
    </ClCompile>
    <ClCompile Include="Dockyard Engine\Sprites\DockyardSprite.cpp">
      <Filter>Application\Dockyard Engine\Sprites</Filter>
    </ClCompile>
    <ClCompile Include="Dockyard Engine\Sprites\SpriteFont\SpriteFont.cpp">
      <Filter>Application\Dockyard Engine\Sprites\SpriteFont</Filter>
    </ClCompile>
    <ClCompile Include="Dockyard Engine\Sprites\SpriteString\SpriteString.cpp">
      <Filter>Application\Dockyard Engine\Sprites\SpriteString</Filter>
    </ClCompile>
    <ClCompile Include="Dockyard Engine\Time\FreezeTime.cpp">
      <Filter>Application\Dockyard Engine\Time</Filter>
    </ClCompile>
    <ClCompile Include="Dockyard Engine\Time\TimeManager.cpp">
      <Filter>Application\Dockyard Engine\Time</Filter>
    </ClCompile>
    <ClCompile Include="Dockyard Resources\GameEnd.cpp">
      <Filter>Application\Dockyard Resources</Filter>
    </ClCompile>
    <ClCompile Include="Dockyard Resources\GameInitialize.cpp">
      <Filter>Application\Dockyard Resources</Filter>
    </ClCompile>
    <ClCompile Include="Dockyard Resources\LoadResources.cpp">
      <Filter>Application\Dockyard Resources</Filter>
    </ClCompile>
    <ClCompile Include="Dockyard Engine\main.cpp">
      <Filter>Application\Dockyard Engine</Filter>
    </ClCompile>
    <ClCompile Include="Dockyard Engine\InputUtility.cpp">
      <Filter>Application\Dockyard Engine</Filter>
    </ClCompile>
    <ClCompile Include="Graphics Backbone\Graphics Assets\Texture.cpp">
      <Filter>Application\Graphics Backbone\Graphics Assets</Filter>
    </ClCompile>
    <ClCompile Include="Graphics Backbone\Graphics Assets\Image.cpp">
      <Filter>Application\Graphics Backbone\Graphics Assets</Filter>
    </ClCompile>
    <ClCompile Include="Graphics Backbone\Graphics Assets\Rect.cpp">
      <Filter>Application\Graphics Backbone\Graphics Assets</Filter>
    </ClCompile>
    <ClCompile Include="Graphics Backbone\GraphicsObjects\GraphicsObject_Sprite.cpp">
      <Filter>Application\Graphics Backbone\GraphicsObjects</Filter>
    </ClCompile>
    <ClCompile Include="Dockyard Engine\Debug Tools\Collision Visualizer\Commands\VisualizeCommandLine.cpp">
      <Filter>Application\Dockyard Engine\Debug Tools\Collision Visualizer\Commands</Filter>
    </ClCompile>
    <ClCompile Include="User Code\Objects + Classes\Game Demo\CameraController.cpp">
      <Filter>Application\User Code\Objects / Classes\Game Demo</Filter>
    </ClCompile>
    <ClCompile Include="User Code\Objects + Classes\Game Demo\GameState.cpp">
      <Filter>Application\User Code\Objects / Classes\Game Demo</Filter>
    </ClCompile>
    <ClCompile Include="User Code\Objects + Classes\Game Demo\House.cpp">
      <Filter>Application\User Code\Objects / Classes\Game Demo</Filter>
    </ClCompile>
    <ClCompile Include="User Code\Objects + Classes\Game Demo\MiniMap.cpp">
      <Filter>Application\User Code\Objects / Classes\Game Demo</Filter>
    </ClCompile>
    <ClCompile Include="User Code\Objects + Classes\Game Demo\PlayerCharacter.cpp">
      <Filter>Application\User Code\Objects / Classes\Game Demo</Filter>
    </ClCompile>
    <ClCompile Include="User Code\Objects + Classes\Game Demo\Prop.cpp">
      <Filter>Application\User Code\Objects / Classes\Game Demo</Filter>
    </ClCompile>
    <ClCompile Include="User Code\Objects + Classes\Game Demo\Text.cpp">
      <Filter>Application\User Code\Objects / Classes\Game Demo</Filter>
    </ClCompile>
    <ClCompile Include="User Code\Objects + Classes\Game Demo\NPCs\OldLady.cpp">
      <Filter>Application\User Code\Objects / Classes\Game Demo\NPCs</Filter>
    </ClCompile>
    <ClCompile Include="User Code\Objects + Classes\Game Demo\NPCs\OldMan.cpp">
      <Filter>Application\User Code\Objects / Classes\Game Demo\NPCs</Filter>
    </ClCompile>
    <ClCompile Include="User Code\Objects + Classes\Playground Scene\DemoCam.cpp">
      <Filter>Application\User Code\Objects / Classes\Playground Scene</Filter>
    </ClCompile>
    <ClCompile Include="User Code\Objects + Classes\Playground Scene\Frigate.cpp">
      <Filter>Application\User Code\Objects / Classes\Playground Scene</Filter>
    </ClCompile>
    <ClCompile Include="User Code\Objects + Classes\Playground Scene\Ground.cpp">
      <Filter>Application\User Code\Objects / Classes\Playground Scene</Filter>
    </ClCompile>
    <ClCompile Include="User Code\Scenes\Game Demo\MainScene.cpp">
      <Filter>Application\User Code\Scenes\Game Demo</Filter>
    </ClCompile>
    <ClCompile Include="User Code\Scenes\Playground Scene\DemoScene.cpp">
      <Filter>Application\User Code\Scenes\Playground Scene</Filter>
    </ClCompile>
    <ClCompile Include="User Code\Objects + Classes\Playground Scene\dxdemoperson.cpp">
      <Filter>Application\User Code\Objects / Classes\Playground Scene</Filter>
    </ClCompile>
    <ClCompile Include="User Code\Scenes\Shader Experimentation\ShaderExperimentScene.cpp">
      <Filter>Application\User Code\Scenes\Shader Experimentation</Filter>
    </ClCompile>
    <ClCompile Include="User Code\Objects + Classes\Shader Experimentation\ExperimentCharacter.cpp">
      <Filter>Application\User Code\Objects / Classes\Shader Experimentation</Filter>
    </ClCompile>
    <ClCompile Include="Graphics Backbone\GraphicsObjects\GraphicsObject_TextureOutlined.cpp">
      <Filter>Application\Graphics Backbone\GraphicsObjects</Filter>
    </ClCompile>
    <ClCompile Include="Graphics Backbone\Shaders\ShaderOutline.cpp">
      <Filter>Application\Graphics Backbone\Shaders</Filter>
    </ClCompile>
    <ClCompile Include="Dockyard Engine\Asset Management\TerrainManager.cpp">
      <Filter>Application\Dockyard Engine\Asset Management</Filter>
    </ClCompile>
    <ClCompile Include="Dockyard Engine\Terrain\Terrain.cpp">
      <Filter>Application\Dockyard Engine\Terrain</Filter>
    </ClCompile>
    <ClCompile Include="Dockyard Engine\Collisions\Collision Test Commands\CollisionTestTerrainCommand.cpp">
      <Filter>Application\Dockyard Engine\Collisions\Collision Test Commands</Filter>
    </ClCompile>
    <ClCompile Include="Graphics Backbone\Shaders\ShaderCartoon.cpp">
      <Filter>Application\Graphics Backbone\Shaders</Filter>
    </ClCompile>
    <ClCompile Include="Graphics Backbone\GraphicsObjects\GraphicsObject_Cartoon.cpp">
      <Filter>Application\Graphics Backbone\GraphicsObjects</Filter>
    </ClCompile>
    <ClCompile Include="Graphics Backbone\Shaders\ShaderWater.cpp">
      <Filter>Application\Graphics Backbone\Shaders</Filter>
    </ClCompile>
    <ClCompile Include="Graphics Backbone\Shaders\GraphicsObject_Water.cpp">
      <Filter>Application\Graphics Backbone\GraphicsObjects</Filter>
    </ClCompile>
    <ClCompile Include="User Code\Objects + Classes\Game Demo\Ocean.cpp">
      <Filter>Application\User Code\Objects / Classes\Game Demo</Filter>
    </ClCompile>
  </ItemGroup>
  <ItemGroup>
    <CLInclude Include="resource.h">
      <Filter>Resource Files</Filter>
    </CLInclude>
    <ClInclude Include="..\dist\DXTex\include\DirectXTex.h">
      <Filter>_Libs\DXTex\include</Filter>
    </ClInclude>
    <ClInclude Include="..\dist\File\include\File.h">
      <Filter>_Libs\File\include</Filter>
    </ClInclude>
    <ClInclude Include="Graphics Backbone\GPU Control\GPUController.h">
      <Filter>Application\Graphics Backbone\GPU Control</Filter>
    </ClInclude>
    <ClInclude Include="Graphics Backbone\GraphicsObjects\GraphicsObject_Base.h">
      <Filter>Application\Graphics Backbone\GraphicsObjects</Filter>
    </ClInclude>
    <ClInclude Include="Graphics Backbone\GraphicsObjects\GraphicsObject_ColorFlat.h">
      <Filter>Application\Graphics Backbone\GraphicsObjects</Filter>
    </ClInclude>
    <ClInclude Include="Graphics Backbone\GraphicsObjects\GraphicsObject_ColorLight.h">
      <Filter>Application\Graphics Backbone\GraphicsObjects</Filter>
    </ClInclude>
    <ClInclude Include="Graphics Backbone\GraphicsObjects\GraphicsObject_TextureFlat.h">
      <Filter>Application\Graphics Backbone\GraphicsObjects</Filter>
    </ClInclude>
    <ClInclude Include="Graphics Backbone\GraphicsObjects\GraphicsObject_TextureLight.h">
      <Filter>Application\Graphics Backbone\GraphicsObjects</Filter>
    </ClInclude>
    <ClInclude Include="Graphics Backbone\Models\AzulFileHdr.h">
      <Filter>Application\Graphics Backbone\Models</Filter>
    </ClInclude>
    <ClInclude Include="Graphics Backbone\Models\FlatPlane.h">
      <Filter>Application\Graphics Backbone\Models</Filter>
    </ClInclude>
    <ClInclude Include="Graphics Backbone\Models\MeshSeparator.h">
      <Filter>Application\Graphics Backbone\Models</Filter>
    </ClInclude>
    <ClInclude Include="Graphics Backbone\Models\Model.h">
      <Filter>Application\Graphics Backbone\Models</Filter>
    </ClInclude>
    <ClInclude Include="Graphics Backbone\Models\ModelTools.h">
      <Filter>Application\Graphics Backbone\Models</Filter>
    </ClInclude>
    <ClInclude Include="Graphics Backbone\Models\Skybox.h">
      <Filter>Application\Graphics Backbone\Models</Filter>
    </ClInclude>
    <ClInclude Include="Graphics Backbone\Shaders\Shader.h">
      <Filter>Application\Graphics Backbone\Shaders</Filter>
    </ClInclude>
    <ClInclude Include="Graphics Backbone\Shaders\ShaderColor.h">
      <Filter>Application\Graphics Backbone\Shaders</Filter>
    </ClInclude>
    <ClInclude Include="Graphics Backbone\Shaders\ShaderColorLight.h">
      <Filter>Application\Graphics Backbone\Shaders</Filter>
    </ClInclude>
    <ClInclude Include="Graphics Backbone\Shaders\ShaderTexture.h">
      <Filter>Application\Graphics Backbone\Shaders</Filter>
    </ClInclude>
    <ClInclude Include="Graphics Backbone\Shaders\ShaderTextureLight.h">
      <Filter>Application\Graphics Backbone\Shaders</Filter>
    </ClInclude>
    <ClInclude Include="Graphics Backbone\Tools\Camera.h">
      <Filter>Application\Graphics Backbone\Tools</Filter>
    </ClInclude>
    <ClInclude Include="Graphics Backbone\Windowing Control\WindowController.h">
      <Filter>Application\Graphics Backbone\Windowing Control</Filter>
    </ClInclude>
    <ClInclude Include="Dockyard Engine\ColorLibrary.h">
      <Filter>Application\Dockyard Engine</Filter>
    </ClInclude>
    <ClInclude Include="Dockyard Engine\Dockyard.h">
      <Filter>Application\Dockyard Engine</Filter>
    </ClInclude>
    <ClInclude Include="Dockyard Engine\DockyardMathTools.h">
      <Filter>Application\Dockyard Engine</Filter>
    </ClInclude>
    <ClInclude Include="Dockyard Engine\Asset Management\ImageManager.h">
      <Filter>Application\Dockyard Engine\Asset Management</Filter>
    </ClInclude>
    <ClInclude Include="Dockyard Engine\Asset Management\ModelManager.h">
      <Filter>Application\Dockyard Engine\Asset Management</Filter>
    </ClInclude>
    <ClInclude Include="Dockyard Engine\Asset Management\ShaderManager.h">
      <Filter>Application\Dockyard Engine\Asset Management</Filter>
    </ClInclude>
    <ClInclude Include="Dockyard Engine\Asset Management\SpriteFontManager.h">
      <Filter>Application\Dockyard Engine\Asset Management</Filter>
    </ClInclude>
    <ClInclude Include="Dockyard Engine\Asset Management\TextureManager.h">
      <Filter>Application\Dockyard Engine\Asset Management</Filter>
    </ClInclude>
    <ClInclude Include="Dockyard Engine\Asset Management\Attorneys\ImageManagerAttorney.h">
      <Filter>Application\Dockyard Engine\Asset Management\Attorneys</Filter>
    </ClInclude>
    <ClInclude Include="Dockyard Engine\Asset Management\Attorneys\ModelManagerAttorney.h">
      <Filter>Application\Dockyard Engine\Asset Management\Attorneys</Filter>
    </ClInclude>
    <ClInclude Include="Dockyard Engine\Asset Management\Attorneys\ShaderManagerAttorney.h">
      <Filter>Application\Dockyard Engine\Asset Management\Attorneys</Filter>
    </ClInclude>
    <ClInclude Include="Dockyard Engine\Asset Management\Attorneys\SpriteFontManagerAttorney.h">
      <Filter>Application\Dockyard Engine\Asset Management\Attorneys</Filter>
    </ClInclude>
    <ClInclude Include="Dockyard Engine\Asset Management\Attorneys\TextureManagerAttorney.h">
      <Filter>Application\Dockyard Engine\Asset Management\Attorneys</Filter>
    </ClInclude>
    <ClInclude Include="Dockyard Engine\Camera Manager\CameraManager.h">
      <Filter>Application\Dockyard Engine\Camera Manager</Filter>
    </ClInclude>
    <ClInclude Include="Dockyard Engine\Collisions\CollidableGroup.h">
      <Filter>Application\Dockyard Engine\Collisions</Filter>
    </ClInclude>
    <ClInclude Include="Dockyard Engine\Collisions\CollisionDispatch.h">
      <Filter>Application\Dockyard Engine\Collisions</Filter>
    </ClInclude>
    <ClInclude Include="Dockyard Engine\Collisions\CollisionDispatchBase.h">
      <Filter>Application\Dockyard Engine\Collisions</Filter>
    </ClInclude>
    <ClInclude Include="Dockyard Engine\Collisions\CollisionManager.h">
      <Filter>Application\Dockyard Engine\Collisions</Filter>
    </ClInclude>
    <ClInclude Include="Dockyard Engine\Collisions\Collision Test Commands\CollisionTestCommandBase.h">
      <Filter>Application\Dockyard Engine\Collisions\Collision Test Commands</Filter>
    </ClInclude>
    <ClInclude Include="Dockyard Engine\Collisions\Collision Test Commands\CollisionTestPairCommand.h">
      <Filter>Application\Dockyard Engine\Collisions\Collision Test Commands</Filter>
    </ClInclude>
    <ClInclude Include="Dockyard Engine\Collisions\Collision Test Commands\CollisionTestSelfCommand.h">
      <Filter>Application\Dockyard Engine\Collisions\Collision Test Commands</Filter>
    </ClInclude>
    <ClInclude Include="Dockyard Engine\Collisions\Collision Volumes\CollisionVolume.h">
      <Filter>Application\Dockyard Engine\Collisions\Collision Volumes</Filter>
    </ClInclude>
    <ClInclude Include="Dockyard Engine\Collisions\Collision Volumes\CollisionVolumeAABB.h">
      <Filter>Application\Dockyard Engine\Collisions\Collision Volumes</Filter>
    </ClInclude>
    <ClInclude Include="Dockyard Engine\Collisions\Collision Volumes\CollisionVolumeBBBase.h">
      <Filter>Application\Dockyard Engine\Collisions\Collision Volumes</Filter>
    </ClInclude>
    <ClInclude Include="Dockyard Engine\Collisions\Collision Volumes\CollisionVolumeBSphere.h">
      <Filter>Application\Dockyard Engine\Collisions\Collision Volumes</Filter>
    </ClInclude>
    <ClInclude Include="Dockyard Engine\Collisions\Collision Volumes\CollisionVolumeOBB.h">
      <Filter>Application\Dockyard Engine\Collisions\Collision Volumes</Filter>
    </ClInclude>
    <ClInclude Include="Dockyard Engine\Debug Tools\Collision Visualizer\CollisionVisualizer.h">
      <Filter>Application\Dockyard Engine\Debug Tools\Collision Visualizer</Filter>
    </ClInclude>
    <ClInclude Include="Dockyard Engine\Debug Tools\Collision Visualizer\CollisionVisualizerAttorney.h">
      <Filter>Application\Dockyard Engine\Debug Tools\Collision Visualizer</Filter>
    </ClInclude>
    <ClInclude Include="Dockyard Engine\Debug Tools\Collision Visualizer\Commands\VisualizeCommandAABB.h">
      <Filter>Application\Dockyard Engine\Debug Tools\Collision Visualizer\Commands</Filter>
    </ClInclude>
    <ClInclude Include="Dockyard Engine\Debug Tools\Collision Visualizer\Commands\VisualizeCommandBase.h">
      <Filter>Application\Dockyard Engine\Debug Tools\Collision Visualizer\Commands</Filter>
    </ClInclude>
    <ClInclude Include="Dockyard Engine\Debug Tools\Collision Visualizer\Commands\VisualizeCommandBoxAtPoint.h">
      <Filter>Application\Dockyard Engine\Debug Tools\Collision Visualizer\Commands</Filter>
    </ClInclude>
    <ClInclude Include="Dockyard Engine\Debug Tools\Collision Visualizer\Commands\VisualizeCommandBSphere.h">
      <Filter>Application\Dockyard Engine\Debug Tools\Collision Visualizer\Commands</Filter>
    </ClInclude>
    <ClInclude Include="Dockyard Engine\Debug Tools\Collision Visualizer\Commands\VisualizeCommandOBB.h">
      <Filter>Application\Dockyard Engine\Debug Tools\Collision Visualizer\Commands</Filter>
    </ClInclude>
    <ClInclude Include="Dockyard Engine\Debug Tools\Collision Visualizer\Commands\Command Pool\VisualizeCommandPool.h">
      <Filter>Application\Dockyard Engine\Debug Tools\Collision Visualizer\Commands\Command Pool</Filter>
    </ClInclude>
    <ClInclude Include="Dockyard Engine\Debug Tools\Screen Text Log\ScreenLog.h">
      <Filter>Application\Dockyard Engine\Debug Tools\Screen Text Log</Filter>
    </ClInclude>
    <ClInclude Include="Dockyard Engine\Debug Tools\Screen Text Log\ScreenLogAttorney.h">
      <Filter>Application\Dockyard Engine\Debug Tools\Screen Text Log</Filter>
    </ClInclude>
    <ClInclude Include="Dockyard Engine\Debug Tools\Screen Text Log\Message Pool\ScreenLogMessagePool.h">
      <Filter>Application\Dockyard Engine\Debug Tools\Screen Text Log\Message Pool</Filter>
    </ClInclude>
    <ClInclude Include="Dockyard Engine\GameObject\-X-ables\Alarmable.h">
      <Filter>Application\Dockyard Engine\GameObject\&lt;X&gt;ables</Filter>
    </ClInclude>
    <ClInclude Include="Dockyard Engine\GameObject\-X-ables\Collidable.h">
      <Filter>Application\Dockyard Engine\GameObject\&lt;X&gt;ables</Filter>
    </ClInclude>
    <ClInclude Include="Dockyard Engine\GameObject\-X-ables\Drawable.h">
      <Filter>Application\Dockyard Engine\GameObject\&lt;X&gt;ables</Filter>
    </ClInclude>
    <ClInclude Include="Dockyard Engine\GameObject\-X-ables\Inputable.h">
      <Filter>Application\Dockyard Engine\GameObject\&lt;X&gt;ables</Filter>
    </ClInclude>
    <ClInclude Include="Dockyard Engine\GameObject\-X-ables\Updatable.h">
      <Filter>Application\Dockyard Engine\GameObject\&lt;X&gt;ables</Filter>
    </ClInclude>
    <ClInclude Include="Dockyard Engine\GameObject\GameObject.h">
      <Filter>Application\Dockyard Engine\GameObject</Filter>
    </ClInclude>
    <ClInclude Include="Dockyard Engine\GameObject\GameObjectAttorney.h">
      <Filter>Application\Dockyard Engine\GameObject</Filter>
    </ClInclude>
    <ClInclude Include="Dockyard Engine\GameObject\Commands\GameObjectEntryCommand.h">
      <Filter>Application\Dockyard Engine\GameObject\Commands</Filter>
    </ClInclude>
    <ClInclude Include="Dockyard Engine\GameObject\Commands\GameObjectExitCommand.h">
      <Filter>Application\Dockyard Engine\GameObject\Commands</Filter>
    </ClInclude>
    <ClInclude Include="Dockyard Engine\Scene Management\Scene.h">
      <Filter>Application\Dockyard Engine\Scene Management</Filter>
    </ClInclude>
    <ClInclude Include="Dockyard Engine\Scene Management\SceneAttorney.h">
      <Filter>Application\Dockyard Engine\Scene Management</Filter>
    </ClInclude>
    <ClInclude Include="Dockyard Engine\Scene Management\SceneManager.h">
      <Filter>Application\Dockyard Engine\Scene Management</Filter>
    </ClInclude>
    <ClInclude Include="Dockyard Engine\Scene Management\SceneManagerAttorney.h">
      <Filter>Application\Dockyard Engine\Scene Management</Filter>
    </ClInclude>
    <ClInclude Include="Dockyard Engine\Scene Management\-X-able Attorneys\AlarmableAttorney.h">
      <Filter>Application\Dockyard Engine\Scene Management\&lt;X&gt;able Attorneys</Filter>
    </ClInclude>
    <ClInclude Include="Dockyard Engine\Scene Management\-X-able Attorneys\CollidableAttorney.h">
      <Filter>Application\Dockyard Engine\Scene Management\&lt;X&gt;able Attorneys</Filter>
    </ClInclude>
    <ClInclude Include="Dockyard Engine\Scene Management\-X-able Attorneys\DrawableAttorney.h">
      <Filter>Application\Dockyard Engine\Scene Management\&lt;X&gt;able Attorneys</Filter>
    </ClInclude>
    <ClInclude Include="Dockyard Engine\Scene Management\-X-able Attorneys\InputableAttorney.h">
      <Filter>Application\Dockyard Engine\Scene Management\&lt;X&gt;able Attorneys</Filter>
    </ClInclude>
    <ClInclude Include="Dockyard Engine\Scene Management\-X-able Attorneys\UpdatableAttorney.h">
      <Filter>Application\Dockyard Engine\Scene Management\&lt;X&gt;able Attorneys</Filter>
    </ClInclude>
    <ClInclude Include="Dockyard Engine\Scene Management\-X-able Managers\AlarmableManager.h">
      <Filter>Application\Dockyard Engine\Scene Management\&lt;X&gt;able Managers</Filter>
    </ClInclude>
    <ClInclude Include="Dockyard Engine\Scene Management\-X-able Managers\DrawableManager.h">
      <Filter>Application\Dockyard Engine\Scene Management\&lt;X&gt;able Managers</Filter>
    </ClInclude>
    <ClInclude Include="Dockyard Engine\Scene Management\-X-able Managers\KeyboardEventManager.h">
      <Filter>Application\Dockyard Engine\Scene Management\&lt;X&gt;able Managers</Filter>
    </ClInclude>
    <ClInclude Include="Dockyard Engine\Scene Management\-X-able Managers\SingleKeyEventManager.h">
      <Filter>Application\Dockyard Engine\Scene Management\&lt;X&gt;able Managers</Filter>
    </ClInclude>
    <ClInclude Include="Dockyard Engine\Scene Management\-X-able Managers\UpdatableManager.h">
      <Filter>Application\Dockyard Engine\Scene Management\&lt;X&gt;able Managers</Filter>
    </ClInclude>
    <ClInclude Include="Dockyard Engine\Scene Management\Changing Scenes\SceneChangeCommand.h">
      <Filter>Application\Dockyard Engine\Scene Management\Changing Scenes</Filter>
    </ClInclude>
    <ClInclude Include="Dockyard Engine\Scene Management\Changing Scenes\SceneChangeCommandBase.h">
      <Filter>Application\Dockyard Engine\Scene Management\Changing Scenes</Filter>
    </ClInclude>
    <ClInclude Include="Dockyard Engine\Scene Management\Changing Scenes\SceneChangeNullCommand.h">
      <Filter>Application\Dockyard Engine\Scene Management\Changing Scenes</Filter>
    </ClInclude>
    <ClInclude Include="Dockyard Engine\Scene Management\Changing Scenes\SceneNull.h">
      <Filter>Application\Dockyard Engine\Scene Management\Changing Scenes</Filter>
    </ClInclude>
    <ClInclude Include="Dockyard Engine\Scene Management\Scene -X-able Registration\AlarmDeregistrationCommand.h">
      <Filter>Application\Dockyard Engine\Scene Management\Scene &lt;X&gt;able Registration</Filter>
    </ClInclude>
    <ClInclude Include="Dockyard Engine\Scene Management\Scene -X-able Registration\AlarmRegistrationCommand.h">
      <Filter>Application\Dockyard Engine\Scene Management\Scene &lt;X&gt;able Registration</Filter>
    </ClInclude>
    <ClInclude Include="Dockyard Engine\Scene Management\Scene -X-able Registration\CollisionDeregistrationCommand.h">
      <Filter>Application\Dockyard Engine\Scene Management\Scene &lt;X&gt;able Registration</Filter>
    </ClInclude>
    <ClInclude Include="Dockyard Engine\Scene Management\Scene -X-able Registration\CollisionRegistrationCommand.h">
      <Filter>Application\Dockyard Engine\Scene Management\Scene &lt;X&gt;able Registration</Filter>
    </ClInclude>
    <ClInclude Include="Dockyard Engine\Scene Management\Scene -X-able Registration\DrawDeregistrationCommand.h">
      <Filter>Application\Dockyard Engine\Scene Management\Scene &lt;X&gt;able Registration</Filter>
    </ClInclude>
    <ClInclude Include="Dockyard Engine\Scene Management\Scene -X-able Registration\DrawRegistrationCommand.h">
      <Filter>Application\Dockyard Engine\Scene Management\Scene &lt;X&gt;able Registration</Filter>
    </ClInclude>
    <ClInclude Include="Dockyard Engine\Scene Management\Scene -X-able Registration\InputDeregistrationCommand.h">
      <Filter>Application\Dockyard Engine\Scene Management\Scene &lt;X&gt;able Registration</Filter>
    </ClInclude>
    <ClInclude Include="Dockyard Engine\Scene Management\Scene -X-able Registration\InputRegistrationCommand.h">
      <Filter>Application\Dockyard Engine\Scene Management\Scene &lt;X&gt;able Registration</Filter>
    </ClInclude>
    <ClInclude Include="Dockyard Engine\Scene Management\Scene -X-able Registration\SceneRegistrationCommand.h">
      <Filter>Application\Dockyard Engine\Scene Management\Scene &lt;X&gt;able Registration</Filter>
    </ClInclude>
    <ClInclude Include="Dockyard Engine\Scene Management\Scene -X-able Registration\SceneRegistrationState.h">
      <Filter>Application\Dockyard Engine\Scene Management\Scene &lt;X&gt;able Registration</Filter>
    </ClInclude>
    <ClInclude Include="Dockyard Engine\Scene Management\Scene -X-able Registration\UpdateDeregistrationCommand.h">
      <Filter>Application\Dockyard Engine\Scene Management\Scene &lt;X&gt;able Registration</Filter>
    </ClInclude>
    <ClInclude Include="Dockyard Engine\Scene Management\Scene -X-able Registration\UpdateRegistrationCommand.h">
      <Filter>Application\Dockyard Engine\Scene Management\Scene &lt;X&gt;able Registration</Filter>
    </ClInclude>
    <ClInclude Include="Dockyard Engine\Scene Management\Scene -X-able Registration\Scene Registration Broker\SceneRegistrationBroker.h">
      <Filter>Application\Dockyard Engine\Scene Management\Scene &lt;X&gt;able Registration\Scene Registration Broker</Filter>
    </ClInclude>
    <ClInclude Include="Dockyard Engine\Sprites\DockyardSprite.h">
      <Filter>Application\Dockyard Engine\Sprites</Filter>
    </ClInclude>
    <ClInclude Include="Dockyard Engine\Sprites\SpriteFont\SpriteFont.h">
      <Filter>Application\Dockyard Engine\Sprites\SpriteFont</Filter>
    </ClInclude>
    <ClInclude Include="Dockyard Engine\Sprites\SpriteString\SpriteString.h">
      <Filter>Application\Dockyard Engine\Sprites\SpriteString</Filter>
    </ClInclude>
    <ClInclude Include="Dockyard Engine\Time\FreezeTime.h">
      <Filter>Application\Dockyard Engine\Time</Filter>
    </ClInclude>
    <ClInclude Include="Dockyard Engine\Time\TimeManager.h">
      <Filter>Application\Dockyard Engine\Time</Filter>
    </ClInclude>
    <ClInclude Include="Dockyard Engine\Time\TimeManagerAttorney.h">
      <Filter>Application\Dockyard Engine\Time</Filter>
    </ClInclude>
    <ClInclude Include="GraphicsCore.h">
      <Filter>Application\Graphics Backbone</Filter>
    </ClInclude>
    <ClInclude Include="GraphicsUtility.h">
      <Filter>Application\Graphics Backbone</Filter>
    </ClInclude>
    <ClInclude Include="..\dist\Math\include\Align16.h">
      <Filter>_Libs\Math\include</Filter>
    </ClInclude>
    <ClInclude Include="..\dist\Math\include\Constants.h">
      <Filter>_Libs\Math\include</Filter>
    </ClInclude>
    <ClInclude Include="..\dist\Math\include\Enum.h">
      <Filter>_Libs\Math\include</Filter>
    </ClInclude>
    <ClInclude Include="..\dist\Math\include\MathApp.h">
      <Filter>_Libs\Math\include</Filter>
    </ClInclude>
    <ClInclude Include="..\dist\Math\include\MathEngine.h">
      <Filter>_Libs\Math\include</Filter>
    </ClInclude>
    <ClInclude Include="..\dist\Math\include\Matrix.h">
      <Filter>_Libs\Math\include</Filter>
    </ClInclude>
    <ClInclude Include="..\dist\Math\include\Quat.h">
      <Filter>_Libs\Math\include</Filter>
    </ClInclude>
    <ClInclude Include="..\dist\Math\include\QuatApp.h">
      <Filter>_Libs\Math\include</Filter>
    </ClInclude>
    <ClInclude Include="..\dist\Math\include\Util.h">
      <Filter>_Libs\Math\include</Filter>
    </ClInclude>
    <ClInclude Include="..\dist\Math\include\Vect.h">
      <Filter>_Libs\Math\include</Filter>
    </ClInclude>
    <ClInclude Include="..\dist\Math\include\VectApp.h">
      <Filter>_Libs\Math\include</Filter>
    </ClInclude>
    <ClInclude Include="Dockyard Engine\InputUtility.h">
      <Filter>Application\Dockyard Engine</Filter>
    </ClInclude>
    <ClInclude Include="Graphics Backbone\Graphics Assets\Texture.h">
      <Filter>Application\Graphics Backbone\Graphics Assets</Filter>
    </ClInclude>
    <ClInclude Include="Graphics Backbone\Graphics Assets\Image.h">
      <Filter>Application\Graphics Backbone\Graphics Assets</Filter>
    </ClInclude>
    <ClInclude Include="Graphics Backbone\Graphics Assets\Rect.h">
      <Filter>Application\Graphics Backbone\Graphics Assets</Filter>
    </ClInclude>
    <ClInclude Include="Graphics Backbone\GraphicsObjects\GraphicsObject_Sprite.h">
      <Filter>Application\Graphics Backbone\GraphicsObjects</Filter>
    </ClInclude>
    <ClInclude Include="Dockyard Engine\Debug Tools\Collision Visualizer\Commands\VisualizeCommandLine.h">
      <Filter>Application\Dockyard Engine\Debug Tools\Collision Visualizer\Commands</Filter>
    </ClInclude>
    <ClInclude Include="User Code\Objects + Classes\Game Demo\CameraController.h">
      <Filter>Application\User Code\Objects / Classes\Game Demo</Filter>
    </ClInclude>
    <ClInclude Include="User Code\Objects + Classes\Game Demo\GameState.h">
      <Filter>Application\User Code\Objects / Classes\Game Demo</Filter>
    </ClInclude>
    <ClInclude Include="User Code\Objects + Classes\Game Demo\House.h">
      <Filter>Application\User Code\Objects / Classes\Game Demo</Filter>
    </ClInclude>
    <ClInclude Include="User Code\Objects + Classes\Game Demo\MiniMap.h">
      <Filter>Application\User Code\Objects / Classes\Game Demo</Filter>
    </ClInclude>
    <ClInclude Include="User Code\Objects + Classes\Game Demo\PlayerCharacter.h">
      <Filter>Application\User Code\Objects / Classes\Game Demo</Filter>
    </ClInclude>
    <ClInclude Include="User Code\Objects + Classes\Game Demo\Prop.h">
      <Filter>Application\User Code\Objects / Classes\Game Demo</Filter>
    </ClInclude>
    <ClInclude Include="User Code\Objects + Classes\Game Demo\Text.h">
      <Filter>Application\User Code\Objects / Classes\Game Demo</Filter>
    </ClInclude>
    <ClInclude Include="User Code\Objects + Classes\Game Demo\NPCs\OldLady.h">
      <Filter>Application\User Code\Objects / Classes\Game Demo\NPCs</Filter>
    </ClInclude>
    <ClInclude Include="User Code\Objects + Classes\Game Demo\NPCs\OldMan.h">
      <Filter>Application\User Code\Objects / Classes\Game Demo\NPCs</Filter>
    </ClInclude>
    <ClInclude Include="User Code\Objects + Classes\Playground Scene\DemoCam.h">
      <Filter>Application\User Code\Objects / Classes\Playground Scene</Filter>
    </ClInclude>
    <ClInclude Include="User Code\Objects + Classes\Playground Scene\Frigate.h">
      <Filter>Application\User Code\Objects / Classes\Playground Scene</Filter>
    </ClInclude>
    <ClInclude Include="User Code\Objects + Classes\Playground Scene\Ground.h">
      <Filter>Application\User Code\Objects / Classes\Playground Scene</Filter>
    </ClInclude>
    <ClInclude Include="User Code\Scenes\Game Demo\MainScene.h">
      <Filter>Application\User Code\Scenes\Game Demo</Filter>
    </ClInclude>
    <ClInclude Include="User Code\Scenes\Playground Scene\DemoScene.h">
      <Filter>Application\User Code\Scenes\Playground Scene</Filter>
    </ClInclude>
    <ClInclude Include="User Code\Objects + Classes\Playground Scene\dxdemoperson.h">
      <Filter>Application\User Code\Objects / Classes\Playground Scene</Filter>
    </ClInclude>
    <ClInclude Include="User Code\Scenes\Shader Experimentation\ShaderExperimentScene.h">
      <Filter>Application\User Code\Scenes\Shader Experimentation</Filter>
    </ClInclude>
    <ClInclude Include="User Code\Objects + Classes\Shader Experimentation\ExperimentCharacter.h">
      <Filter>Application\User Code\Objects / Classes\Shader Experimentation</Filter>
    </ClInclude>
    <ClInclude Include="Graphics Backbone\GraphicsObjects\GraphicsObject_TextureOutlined.h">
      <Filter>Application\Graphics Backbone\GraphicsObjects</Filter>
    </ClInclude>
    <ClInclude Include="Graphics Backbone\Shaders\ShaderOutline.h">
      <Filter>Application\Graphics Backbone\Shaders</Filter>
    </ClInclude>
    <ClInclude Include="Dockyard Engine\Asset Management\Attorneys\TerrainManagerAttorney.h">
      <Filter>Application\Dockyard Engine\Asset Management\Attorneys</Filter>
    </ClInclude>
    <ClInclude Include="Dockyard Engine\Asset Management\TerrainManager.h">
      <Filter>Application\Dockyard Engine\Asset Management</Filter>
    </ClInclude>
    <ClInclude Include="Dockyard Engine\Terrain\NullTerrain.h">
      <Filter>Application\Dockyard Engine\Terrain</Filter>
    </ClInclude>
    <ClInclude Include="Dockyard Engine\Terrain\Terrain.h">
      <Filter>Application\Dockyard Engine\Terrain</Filter>
    </ClInclude>
    <ClInclude Include="Dockyard Engine\Terrain\TerrainBase.h">
      <Filter>Application\Dockyard Engine\Terrain</Filter>
    </ClInclude>
    <ClInclude Include="Dockyard Engine\Collisions\Collision Test Commands\CollisionTestTerrainCommand.h">
      <Filter>Application\Dockyard Engine\Collisions\Collision Test Commands</Filter>
    </ClInclude>
    <ClInclude Include="Graphics Backbone\Shaders\ShaderCartoon.h">
      <Filter>Application\Graphics Backbone\Shaders</Filter>
    </ClInclude>
    <ClInclude Include="Graphics Backbone\GraphicsObjects\GraphicsObject_Cartoon.h">
      <Filter>Application\Graphics Backbone\GraphicsObjects</Filter>
    </ClInclude>
    <ClInclude Include="Graphics Backbone\Shaders\ShaderWater.h">
      <Filter>Application\Graphics Backbone\Shaders</Filter>
    </ClInclude>
    <ClInclude Include="Graphics Backbone\Shaders\GraphicsObject_Water.h">
      <Filter>Application\Graphics Backbone\GraphicsObjects</Filter>
    </ClInclude>
    <ClInclude Include="User Code\Objects + Classes\Game Demo\Ocean.h">
      <Filter>Application\User Code\Objects / Classes\Game Demo</Filter>
    </ClInclude>
  </ItemGroup>
  <ItemGroup>
    <Library Include="..\dist\Math\lib\MathEngine_Debug.lib">
      <Filter>_Libs\Math\lib</Filter>
    </Library>
    <Library Include="..\dist\DXTex\lib\DirectXTex.lib">
      <Filter>_Libs\DXTex\lib</Filter>
    </Library>
    <Library Include="..\dist\File\lib\File_Debug.lib">
      <Filter>_Libs\File\lib</Filter>
    </Library>
  </ItemGroup>
  <ItemGroup>
    <FxCompile Include="..\Assets\Shaders\SimpleColor.hlsl">
      <Filter>Application\Graphics Backbone\Shader Files</Filter>
    </FxCompile>
    <FxCompile Include="..\Assets\Shaders\SimpleColorPlus.hlsl">
      <Filter>Application\Graphics Backbone\Shader Files</Filter>
    </FxCompile>
    <FxCompile Include="..\Assets\Shaders\ColorSelected.hlsl">
      <Filter>Application\Graphics Backbone\Shader Files</Filter>
    </FxCompile>
    <FxCompile Include="..\Assets\Shaders\SimpleColor3D.hlsl">
      <Filter>Application\Graphics Backbone\Shader Files</Filter>
    </FxCompile>
    <FxCompile Include="..\Assets\Shaders\ColorSelected3D.hlsl">
      <Filter>Application\Graphics Backbone\Shader Files</Filter>
    </FxCompile>
    <FxCompile Include="..\Assets\Shaders\Texture.hlsl">
      <Filter>Application\Graphics Backbone\Shader Files</Filter>
    </FxCompile>
    <FxCompile Include="..\Assets\Shaders\ColorLight.hlsl">
      <Filter>Application\Graphics Backbone\Shader Files</Filter>
    </FxCompile>
    <FxCompile Include="..\Assets\Shaders\TextureLight.hlsl">
      <Filter>Application\Graphics Backbone\Shader Files</Filter>
    </FxCompile>
    <FxCompile Include="..\Assets\Shaders\Outline.hlsl">
      <Filter>Application\Graphics Backbone\Shader Files</Filter>
    </FxCompile>
    <FxCompile Include="..\Assets\Shaders\Cartoon.hlsl">
      <Filter>Application\Graphics Backbone\Shader Files</Filter>
    </FxCompile>
    <FxCompile Include="..\Assets\Shaders\Water.hlsl">
      <Filter>Application\Graphics Backbone\Shader Files</Filter>
    </FxCompile>
  </ItemGroup>
  <ItemGroup>
    <ResourceCompile Include="Dockyard.rc">
      <Filter>Resource Files</Filter>
    </ResourceCompile>
  </ItemGroup>
</Project>